
Microsoft Visual Studio Solution File, Format Version 12.00
# Visual Studio Version 17
VisualStudioVersion = 17.4.33205.214
MinimumVisualStudioVersion = 10.0.40219.1
Project("{FAE04EC0-301F-11D3-BF4B-00C04F79EFBC}") = "DotNet_Project6", "DotNet_Project6\DotNet_Project6.csproj", "{7EF70796-D85C-43BC-A1FA-0F9BA11F1664}"
EndProject
Global
	GlobalSection(SolutionConfigurationPlatforms) = preSolution
		Debug|Any CPU = Debug|Any CPU
		Release|Any CPU = Release|Any CPU
	EndGlobalSection
	GlobalSection(ProjectConfigurationPlatforms) = postSolution
		{7EF70796-D85C-43BC-A1FA-0F9BA11F1664}.Debug|Any CPU.ActiveCfg = Debug|Any CPU
		{7EF70796-D85C-43BC-A1FA-0F9BA11F1664}.Debug|Any CPU.Build.0 = Debug|Any CPU
		{7EF70796-D85C-43BC-A1FA-0F9BA11F1664}.Release|Any CPU.ActiveCfg = Release|Any CPU
		{7EF70796-D85C-43BC-A1FA-0F9BA11F1664}.Release|Any CPU.Build.0 = Release|Any CPU
	EndGlobalSection
	GlobalSection(SolutionProperties) = preSolution
		HideSolutionNode = FALSE
	EndGlobalSection
	GlobalSection(ExtensibilityGlobals) = postSolution
		SolutionGuid = {17F5916A-089F-45DF-BBB3-62DC9BAE7F52}
	EndGlobalSection
EndGlobal
